// !$*UTF8*$!
{
	archiveVersion = 1;
	classes = {
	};
	objectVersion = 48;
	objects = {

/* Begin PBXBuildFile section */
		241C62B41FAC97CC004F42F5 /* PersistenceService.swift in Sources */ = {isa = PBXBuildFile; fileRef = 241C62B31FAC97CC004F42F5 /* PersistenceService.swift */; };
		241C62E11FACA246004F42F5 /* ClockData1+CoreDataClass.swift in Sources */ = {isa = PBXBuildFile; fileRef = 241C62DD1FACA246004F42F5 /* ClockData1+CoreDataClass.swift */; };
		241C62E21FACA246004F42F5 /* ClockData1+CoreDataProperties.swift in Sources */ = {isa = PBXBuildFile; fileRef = 241C62DE1FACA246004F42F5 /* ClockData1+CoreDataProperties.swift */; };
		241C62E31FACA246004F42F5 /* Subject+CoreDataClass.swift in Sources */ = {isa = PBXBuildFile; fileRef = 241C62DF1FACA246004F42F5 /* Subject+CoreDataClass.swift */; };
		241C62E41FACA246004F42F5 /* Subject+CoreDataProperties.swift in Sources */ = {isa = PBXBuildFile; fileRef = 241C62E01FACA246004F42F5 /* Subject+CoreDataProperties.swift */; };
		244892DA1FAC8EA300139579 /* AppDelegate.swift in Sources */ = {isa = PBXBuildFile; fileRef = 244892D91FAC8EA300139579 /* AppDelegate.swift */; };
		244892DC1FAC8EA300139579 /* ViewController.swift in Sources */ = {isa = PBXBuildFile; fileRef = 244892DB1FAC8EA300139579 /* ViewController.swift */; };
		244892E21FAC8EA300139579 /* DOCScreenV3.xcdatamodeld in Sources */ = {isa = PBXBuildFile; fileRef = 244892E01FAC8EA300139579 /* DOCScreenV3.xcdatamodeld */; };
		244892E41FAC8EA300139579 /* Assets.xcassets in Resources */ = {isa = PBXBuildFile; fileRef = 244892E31FAC8EA300139579 /* Assets.xcassets */; };
		244892E71FAC8EA300139579 /* LaunchScreen.storyboard in Resources */ = {isa = PBXBuildFile; fileRef = 244892E51FAC8EA300139579 /* LaunchScreen.storyboard */; };
		244892F21FAC8EA300139579 /* DOCScreenV3Tests.swift in Sources */ = {isa = PBXBuildFile; fileRef = 244892F11FAC8EA300139579 /* DOCScreenV3Tests.swift */; };
		244892FD1FAC8EA300139579 /* DOCScreenV3UITests.swift in Sources */ = {isa = PBXBuildFile; fileRef = 244892FC1FAC8EA300139579 /* DOCScreenV3UITests.swift */; };
		2448930B1FAC8EDB00139579 /* Main.storyboard in Resources */ = {isa = PBXBuildFile; fileRef = 2448930A1FAC8EDB00139579 /* Main.storyboard */; };
		244893121FAC8F1D00139579 /* Colors.swift in Sources */ = {isa = PBXBuildFile; fileRef = 244893111FAC8F1D00139579 /* Colors.swift */; };
		244893151FAC8F4200139579 /* DocTabViewController.swift in Sources */ = {isa = PBXBuildFile; fileRef = 244893141FAC8F4200139579 /* DocTabViewController.swift */; };
		244893171FAC8F5500139579 /* DOCEntry.swift in Sources */ = {isa = PBXBuildFile; fileRef = 244893161FAC8F5500139579 /* DOCEntry.swift */; };
		2448931A1FAC8F7C00139579 /* LandViewController.swift in Sources */ = {isa = PBXBuildFile; fileRef = 244893191FAC8F7C00139579 /* LandViewController.swift */; };
		2448931F1FAC8FB400139579 /* DataStorage.swift in Sources */ = {isa = PBXBuildFile; fileRef = 2448931C1FAC8FB400139579 /* DataStorage.swift */; };
		244893201FAC8FB400139579 /* Utility.swift in Sources */ = {isa = PBXBuildFile; fileRef = 2448931D1FAC8FB400139579 /* Utility.swift */; };
		244893211FAC8FB400139579 /* MobileNet.mlmodel in Sources */ = {isa = PBXBuildFile; fileRef = 2448931E1FAC8FB400139579 /* MobileNet.mlmodel */; };
		244893251FAC8FE800139579 /* TaskTableViewController.swift in Sources */ = {isa = PBXBuildFile; fileRef = 244893231FAC8FE800139579 /* TaskTableViewController.swift */; };
		244893261FAC8FE800139579 /* PageViewController.swift in Sources */ = {isa = PBXBuildFile; fileRef = 244893241FAC8FE800139579 /* PageViewController.swift */; };
		244893281FAC8FFB00139579 /* TaskTableViewCell.swift in Sources */ = {isa = PBXBuildFile; fileRef = 244893271FAC8FFB00139579 /* TaskTableViewCell.swift */; };
		244893311FAC901600139579 /* ProfileTask.swift in Sources */ = {isa = PBXBuildFile; fileRef = 2448932A1FAC901600139579 /* ProfileTask.swift */; };
		244893321FAC901600139579 /* AbstractionTask.swift in Sources */ = {isa = PBXBuildFile; fileRef = 2448932B1FAC901600139579 /* AbstractionTask.swift */; };
		244893331FAC901600139579 /* MoodTask.swift in Sources */ = {isa = PBXBuildFile; fileRef = 2448932C1FAC901600139579 /* MoodTask.swift */; };
		244893341FAC901600139579 /* SleepTask.swift in Sources */ = {isa = PBXBuildFile; fileRef = 2448932D1FAC901600139579 /* SleepTask.swift */; };
		244893351FAC901600139579 /* ClockTask.swift in Sources */ = {isa = PBXBuildFile; fileRef = 2448932E1FAC901600139579 /* ClockTask.swift */; };
		244893361FAC901600139579 /* MemoryRegistration.swift in Sources */ = {isa = PBXBuildFile; fileRef = 2448932F1FAC901600139579 /* MemoryRegistration.swift */; };
		244893371FAC901600139579 /* MemoryTask.swift in Sources */ = {isa = PBXBuildFile; fileRef = 244893301FAC901600139579 /* MemoryTask.swift */; };
		49BB277AB8C3681387E651D2 /* Pods_DOCScreenV3Tests.framework in Frameworks */ = {isa = PBXBuildFile; fileRef = 4D30EBD9A56976ACC7AE389E /* Pods_DOCScreenV3Tests.framework */; };
		4FDCF003A59A0256DA21EBEE /* Pods_DOCScreenV3.framework in Frameworks */ = {isa = PBXBuildFile; fileRef = 2B1D196965358B1E9DFE8888 /* Pods_DOCScreenV3.framework */; };
		88AEDBFEA3DEB17849D232D7 /* Pods_DOCScreenV3UITests.framework in Frameworks */ = {isa = PBXBuildFile; fileRef = 3ED2D80C78443B977A071F3F /* Pods_DOCScreenV3UITests.framework */; };
/* End PBXBuildFile section */

/* Begin PBXContainerItemProxy section */
		244892EE1FAC8EA300139579 /* PBXContainerItemProxy */ = {
			isa = PBXContainerItemProxy;
			containerPortal = 244892CE1FAC8EA300139579 /* Project object */;
			proxyType = 1;
			remoteGlobalIDString = 244892D51FAC8EA300139579;
			remoteInfo = DOCScreenV3;
		};
		244892F91FAC8EA300139579 /* PBXContainerItemProxy */ = {
			isa = PBXContainerItemProxy;
			containerPortal = 244892CE1FAC8EA300139579 /* Project object */;
			proxyType = 1;
			remoteGlobalIDString = 244892D51FAC8EA300139579;
			remoteInfo = DOCScreenV3;
		};
/* End PBXContainerItemProxy section */

/* Begin PBXFileReference section */
		241C62B31FAC97CC004F42F5 /* PersistenceService.swift */ = {isa = PBXFileReference; lastKnownFileType = sourcecode.swift; path = PersistenceService.swift; sourceTree = "<group>"; };
		241C62DD1FACA246004F42F5 /* ClockData1+CoreDataClass.swift */ = {isa = PBXFileReference; lastKnownFileType = sourcecode.swift; path = "ClockData1+CoreDataClass.swift"; sourceTree = "<group>"; };
		241C62DE1FACA246004F42F5 /* ClockData1+CoreDataProperties.swift */ = {isa = PBXFileReference; lastKnownFileType = sourcecode.swift; path = "ClockData1+CoreDataProperties.swift"; sourceTree = "<group>"; };
		241C62DF1FACA246004F42F5 /* Subject+CoreDataClass.swift */ = {isa = PBXFileReference; lastKnownFileType = sourcecode.swift; path = "Subject+CoreDataClass.swift"; sourceTree = "<group>"; };
		241C62E01FACA246004F42F5 /* Subject+CoreDataProperties.swift */ = {isa = PBXFileReference; lastKnownFileType = sourcecode.swift; path = "Subject+CoreDataProperties.swift"; sourceTree = "<group>"; };
		244892D61FAC8EA300139579 /* DOCScreenV3.app */ = {isa = PBXFileReference; explicitFileType = wrapper.application; includeInIndex = 0; path = DOCScreenV3.app; sourceTree = BUILT_PRODUCTS_DIR; };
		244892D91FAC8EA300139579 /* AppDelegate.swift */ = {isa = PBXFileReference; lastKnownFileType = sourcecode.swift; path = AppDelegate.swift; sourceTree = "<group>"; };
		244892DB1FAC8EA300139579 /* ViewController.swift */ = {isa = PBXFileReference; lastKnownFileType = sourcecode.swift; path = ViewController.swift; sourceTree = "<group>"; };
		244892E11FAC8EA300139579 /* DOCScreenV3.xcdatamodel */ = {isa = PBXFileReference; lastKnownFileType = wrapper.xcdatamodel; path = DOCScreenV3.xcdatamodel; sourceTree = "<group>"; };
		244892E31FAC8EA300139579 /* Assets.xcassets */ = {isa = PBXFileReference; lastKnownFileType = folder.assetcatalog; path = Assets.xcassets; sourceTree = "<group>"; };
		244892E61FAC8EA300139579 /* Base */ = {isa = PBXFileReference; lastKnownFileType = file.storyboard; name = Base; path = Base.lproj/LaunchScreen.storyboard; sourceTree = "<group>"; };
		244892E81FAC8EA300139579 /* Info.plist */ = {isa = PBXFileReference; lastKnownFileType = text.plist.xml; path = Info.plist; sourceTree = "<group>"; };
		244892ED1FAC8EA300139579 /* DOCScreenV3Tests.xctest */ = {isa = PBXFileReference; explicitFileType = wrapper.cfbundle; includeInIndex = 0; path = DOCScreenV3Tests.xctest; sourceTree = BUILT_PRODUCTS_DIR; };
		244892F11FAC8EA300139579 /* DOCScreenV3Tests.swift */ = {isa = PBXFileReference; lastKnownFileType = sourcecode.swift; path = DOCScreenV3Tests.swift; sourceTree = "<group>"; };
		244892F31FAC8EA300139579 /* Info.plist */ = {isa = PBXFileReference; lastKnownFileType = text.plist.xml; path = Info.plist; sourceTree = "<group>"; };
		244892F81FAC8EA300139579 /* DOCScreenV3UITests.xctest */ = {isa = PBXFileReference; explicitFileType = wrapper.cfbundle; includeInIndex = 0; path = DOCScreenV3UITests.xctest; sourceTree = BUILT_PRODUCTS_DIR; };
		244892FC1FAC8EA300139579 /* DOCScreenV3UITests.swift */ = {isa = PBXFileReference; lastKnownFileType = sourcecode.swift; path = DOCScreenV3UITests.swift; sourceTree = "<group>"; };
		244892FE1FAC8EA300139579 /* Info.plist */ = {isa = PBXFileReference; lastKnownFileType = text.plist.xml; path = Info.plist; sourceTree = "<group>"; };
		2448930A1FAC8EDB00139579 /* Main.storyboard */ = {isa = PBXFileReference; fileEncoding = 4; lastKnownFileType = file.storyboard; path = Main.storyboard; sourceTree = "<group>"; };
		244893111FAC8F1D00139579 /* Colors.swift */ = {isa = PBXFileReference; fileEncoding = 4; lastKnownFileType = sourcecode.swift; path = Colors.swift; sourceTree = "<group>"; };
		244893141FAC8F4200139579 /* DocTabViewController.swift */ = {isa = PBXFileReference; fileEncoding = 4; lastKnownFileType = sourcecode.swift; path = DocTabViewController.swift; sourceTree = "<group>"; };
		244893161FAC8F5500139579 /* DOCEntry.swift */ = {isa = PBXFileReference; fileEncoding = 4; lastKnownFileType = sourcecode.swift; path = DOCEntry.swift; sourceTree = "<group>"; };
		244893191FAC8F7C00139579 /* LandViewController.swift */ = {isa = PBXFileReference; fileEncoding = 4; lastKnownFileType = sourcecode.swift; path = LandViewController.swift; sourceTree = "<group>"; };
		2448931C1FAC8FB400139579 /* DataStorage.swift */ = {isa = PBXFileReference; fileEncoding = 4; lastKnownFileType = sourcecode.swift; path = DataStorage.swift; sourceTree = "<group>"; };
		2448931D1FAC8FB400139579 /* Utility.swift */ = {isa = PBXFileReference; fileEncoding = 4; lastKnownFileType = sourcecode.swift; path = Utility.swift; sourceTree = "<group>"; };
		2448931E1FAC8FB400139579 /* MobileNet.mlmodel */ = {isa = PBXFileReference; lastKnownFileType = file.mlmodel; path = MobileNet.mlmodel; sourceTree = "<group>"; };
		244893231FAC8FE800139579 /* TaskTableViewController.swift */ = {isa = PBXFileReference; fileEncoding = 4; lastKnownFileType = sourcecode.swift; path = TaskTableViewController.swift; sourceTree = "<group>"; };
		244893241FAC8FE800139579 /* PageViewController.swift */ = {isa = PBXFileReference; fileEncoding = 4; lastKnownFileType = sourcecode.swift; path = PageViewController.swift; sourceTree = "<group>"; };
		244893271FAC8FFB00139579 /* TaskTableViewCell.swift */ = {isa = PBXFileReference; fileEncoding = 4; lastKnownFileType = sourcecode.swift; path = TaskTableViewCell.swift; sourceTree = "<group>"; };
		2448932A1FAC901600139579 /* ProfileTask.swift */ = {isa = PBXFileReference; fileEncoding = 4; lastKnownFileType = sourcecode.swift; path = ProfileTask.swift; sourceTree = "<group>"; };
		2448932B1FAC901600139579 /* AbstractionTask.swift */ = {isa = PBXFileReference; fileEncoding = 4; lastKnownFileType = sourcecode.swift; path = AbstractionTask.swift; sourceTree = "<group>"; };
		2448932C1FAC901600139579 /* MoodTask.swift */ = {isa = PBXFileReference; fileEncoding = 4; lastKnownFileType = sourcecode.swift; path = MoodTask.swift; sourceTree = "<group>"; };
		2448932D1FAC901600139579 /* SleepTask.swift */ = {isa = PBXFileReference; fileEncoding = 4; lastKnownFileType = sourcecode.swift; path = SleepTask.swift; sourceTree = "<group>"; };
		2448932E1FAC901600139579 /* ClockTask.swift */ = {isa = PBXFileReference; fileEncoding = 4; lastKnownFileType = sourcecode.swift; path = ClockTask.swift; sourceTree = "<group>"; };
		2448932F1FAC901600139579 /* MemoryRegistration.swift */ = {isa = PBXFileReference; fileEncoding = 4; lastKnownFileType = sourcecode.swift; path = MemoryRegistration.swift; sourceTree = "<group>"; };
		244893301FAC901600139579 /* MemoryTask.swift */ = {isa = PBXFileReference; fileEncoding = 4; lastKnownFileType = sourcecode.swift; path = MemoryTask.swift; sourceTree = "<group>"; };
		2A68D2621CBFA113356887B5 /* Pods-DOCScreenV3.debug.xcconfig */ = {isa = PBXFileReference; includeInIndex = 1; lastKnownFileType = text.xcconfig; name = "Pods-DOCScreenV3.debug.xcconfig"; path = "Pods/Target Support Files/Pods-DOCScreenV3/Pods-DOCScreenV3.debug.xcconfig"; sourceTree = "<group>"; };
		2B1D196965358B1E9DFE8888 /* Pods_DOCScreenV3.framework */ = {isa = PBXFileReference; explicitFileType = wrapper.framework; includeInIndex = 0; path = Pods_DOCScreenV3.framework; sourceTree = BUILT_PRODUCTS_DIR; };
		3ED2D80C78443B977A071F3F /* Pods_DOCScreenV3UITests.framework */ = {isa = PBXFileReference; explicitFileType = wrapper.framework; includeInIndex = 0; path = Pods_DOCScreenV3UITests.framework; sourceTree = BUILT_PRODUCTS_DIR; };
		4D30EBD9A56976ACC7AE389E /* Pods_DOCScreenV3Tests.framework */ = {isa = PBXFileReference; explicitFileType = wrapper.framework; includeInIndex = 0; path = Pods_DOCScreenV3Tests.framework; sourceTree = BUILT_PRODUCTS_DIR; };
		4D664A4E17F3974B0B161BA3 /* Pods-DOCScreenV3Tests.release.xcconfig */ = {isa = PBXFileReference; includeInIndex = 1; lastKnownFileType = text.xcconfig; name = "Pods-DOCScreenV3Tests.release.xcconfig"; path = "Pods/Target Support Files/Pods-DOCScreenV3Tests/Pods-DOCScreenV3Tests.release.xcconfig"; sourceTree = "<group>"; };
		70F11B1A24C339FDFE03B1C2 /* Pods-DOCScreenV3Tests.debug.xcconfig */ = {isa = PBXFileReference; includeInIndex = 1; lastKnownFileType = text.xcconfig; name = "Pods-DOCScreenV3Tests.debug.xcconfig"; path = "Pods/Target Support Files/Pods-DOCScreenV3Tests/Pods-DOCScreenV3Tests.debug.xcconfig"; sourceTree = "<group>"; };
		7DECDEBEE18B56AEDF2089C7 /* Pods-DOCScreenV3UITests.debug.xcconfig */ = {isa = PBXFileReference; includeInIndex = 1; lastKnownFileType = text.xcconfig; name = "Pods-DOCScreenV3UITests.debug.xcconfig"; path = "Pods/Target Support Files/Pods-DOCScreenV3UITests/Pods-DOCScreenV3UITests.debug.xcconfig"; sourceTree = "<group>"; };
		AF950ED4DCBE13CEB039E02E /* Pods-DOCScreenV3UITests.release.xcconfig */ = {isa = PBXFileReference; includeInIndex = 1; lastKnownFileType = text.xcconfig; name = "Pods-DOCScreenV3UITests.release.xcconfig"; path = "Pods/Target Support Files/Pods-DOCScreenV3UITests/Pods-DOCScreenV3UITests.release.xcconfig"; sourceTree = "<group>"; };
		F3B5623EE04EE91DF55C7B24 /* Pods-DOCScreenV3.release.xcconfig */ = {isa = PBXFileReference; includeInIndex = 1; lastKnownFileType = text.xcconfig; name = "Pods-DOCScreenV3.release.xcconfig"; path = "Pods/Target Support Files/Pods-DOCScreenV3/Pods-DOCScreenV3.release.xcconfig"; sourceTree = "<group>"; };
/* End PBXFileReference section */

/* Begin PBXFrameworksBuildPhase section */
		244892D31FAC8EA300139579 /* Frameworks */ = {
			isa = PBXFrameworksBuildPhase;
			buildActionMask = 2147483647;
			files = (
				4FDCF003A59A0256DA21EBEE /* Pods_DOCScreenV3.framework in Frameworks */,
			);
			runOnlyForDeploymentPostprocessing = 0;
		};
		244892EA1FAC8EA300139579 /* Frameworks */ = {
			isa = PBXFrameworksBuildPhase;
			buildActionMask = 2147483647;
			files = (
				49BB277AB8C3681387E651D2 /* Pods_DOCScreenV3Tests.framework in Frameworks */,
			);
			runOnlyForDeploymentPostprocessing = 0;
		};
		244892F51FAC8EA300139579 /* Frameworks */ = {
			isa = PBXFrameworksBuildPhase;
			buildActionMask = 2147483647;
			files = (
				88AEDBFEA3DEB17849D232D7 /* Pods_DOCScreenV3UITests.framework in Frameworks */,
			);
			runOnlyForDeploymentPostprocessing = 0;
		};
/* End PBXFrameworksBuildPhase section */

/* Begin PBXGroup section */
		244892CD1FAC8EA300139579 = {
			isa = PBXGroup;
			children = (
				241C62DD1FACA246004F42F5 /* ClockData1+CoreDataClass.swift */,
				241C62DE1FACA246004F42F5 /* ClockData1+CoreDataProperties.swift */,
				241C62DF1FACA246004F42F5 /* Subject+CoreDataClass.swift */,
				241C62E01FACA246004F42F5 /* Subject+CoreDataProperties.swift */,
				244892D81FAC8EA300139579 /* DOCScreenV3 */,
				244892F01FAC8EA300139579 /* DOCScreenV3Tests */,
				244892FB1FAC8EA300139579 /* DOCScreenV3UITests */,
				244892D71FAC8EA300139579 /* Products */,
				486CD9D7988B48EB6BF6850C /* Pods */,
				805C70DA4F84918652D2E88F /* Frameworks */,
			);
			sourceTree = "<group>";
		};
		244892D71FAC8EA300139579 /* Products */ = {
			isa = PBXGroup;
			children = (
				244892D61FAC8EA300139579 /* DOCScreenV3.app */,
				244892ED1FAC8EA300139579 /* DOCScreenV3Tests.xctest */,
				244892F81FAC8EA300139579 /* DOCScreenV3UITests.xctest */,
			);
			name = Products;
			sourceTree = "<group>";
		};
		244892D81FAC8EA300139579 /* DOCScreenV3 */ = {
			isa = PBXGroup;
			children = (
				244893131FAC8F3A00139579 /* DOCTab */,
				244893181FAC8F6F00139579 /* Landing */,
				244893291FAC900400139579 /* Tasks */,
				2448931B1FAC8FA700139579 /* Data */,
				244893221FAC8FDA00139579 /* View Controllers */,
				244893101FAC8F1200139579 /* Colors */,
				244892D91FAC8EA300139579 /* AppDelegate.swift */,
				244892DB1FAC8EA300139579 /* ViewController.swift */,
				244893161FAC8F5500139579 /* DOCEntry.swift */,
				244893271FAC8FFB00139579 /* TaskTableViewCell.swift */,
				2448930A1FAC8EDB00139579 /* Main.storyboard */,
				244892E31FAC8EA300139579 /* Assets.xcassets */,
				244892E51FAC8EA300139579 /* LaunchScreen.storyboard */,
				244892E81FAC8EA300139579 /* Info.plist */,
				244892E01FAC8EA300139579 /* DOCScreenV3.xcdatamodeld */,
			);
			path = DOCScreenV3;
			sourceTree = "<group>";
		};
		244892F01FAC8EA300139579 /* DOCScreenV3Tests */ = {
			isa = PBXGroup;
			children = (
				244892F11FAC8EA300139579 /* DOCScreenV3Tests.swift */,
				244892F31FAC8EA300139579 /* Info.plist */,
			);
			path = DOCScreenV3Tests;
			sourceTree = "<group>";
		};
		244892FB1FAC8EA300139579 /* DOCScreenV3UITests */ = {
			isa = PBXGroup;
			children = (
				244892FC1FAC8EA300139579 /* DOCScreenV3UITests.swift */,
				244892FE1FAC8EA300139579 /* Info.plist */,
			);
			path = DOCScreenV3UITests;
			sourceTree = "<group>";
		};
		244893101FAC8F1200139579 /* Colors */ = {
			isa = PBXGroup;
			children = (
				244893111FAC8F1D00139579 /* Colors.swift */,
			);
			path = Colors;
			sourceTree = "<group>";
		};
		244893131FAC8F3A00139579 /* DOCTab */ = {
			isa = PBXGroup;
			children = (
				244893141FAC8F4200139579 /* DocTabViewController.swift */,
			);
			path = DOCTab;
			sourceTree = "<group>";
		};
		244893181FAC8F6F00139579 /* Landing */ = {
			isa = PBXGroup;
			children = (
				244893191FAC8F7C00139579 /* LandViewController.swift */,
			);
			path = Landing;
			sourceTree = "<group>";
		};
		2448931B1FAC8FA700139579 /* Data */ = {
			isa = PBXGroup;
			children = (
				2448931C1FAC8FB400139579 /* DataStorage.swift */,
				2448931E1FAC8FB400139579 /* MobileNet.mlmodel */,
				2448931D1FAC8FB400139579 /* Utility.swift */,
				241C62B31FAC97CC004F42F5 /* PersistenceService.swift */,
			);
			path = Data;
			sourceTree = "<group>";
		};
		244893221FAC8FDA00139579 /* View Controllers */ = {
			isa = PBXGroup;
			children = (
				244893241FAC8FE800139579 /* PageViewController.swift */,
				244893231FAC8FE800139579 /* TaskTableViewController.swift */,
			);
			path = "View Controllers";
			sourceTree = "<group>";
		};
		244893291FAC900400139579 /* Tasks */ = {
			isa = PBXGroup;
			children = (
				2448932B1FAC901600139579 /* AbstractionTask.swift */,
				2448932E1FAC901600139579 /* ClockTask.swift */,
				2448932F1FAC901600139579 /* MemoryRegistration.swift */,
				244893301FAC901600139579 /* MemoryTask.swift */,
				2448932C1FAC901600139579 /* MoodTask.swift */,
				2448932A1FAC901600139579 /* ProfileTask.swift */,
				2448932D1FAC901600139579 /* SleepTask.swift */,
			);
			path = Tasks;
			sourceTree = "<group>";
		};
		486CD9D7988B48EB6BF6850C /* Pods */ = {
			isa = PBXGroup;
			children = (
				2A68D2621CBFA113356887B5 /* Pods-DOCScreenV3.debug.xcconfig */,
				F3B5623EE04EE91DF55C7B24 /* Pods-DOCScreenV3.release.xcconfig */,
				70F11B1A24C339FDFE03B1C2 /* Pods-DOCScreenV3Tests.debug.xcconfig */,
				4D664A4E17F3974B0B161BA3 /* Pods-DOCScreenV3Tests.release.xcconfig */,
				7DECDEBEE18B56AEDF2089C7 /* Pods-DOCScreenV3UITests.debug.xcconfig */,
				AF950ED4DCBE13CEB039E02E /* Pods-DOCScreenV3UITests.release.xcconfig */,
			);
			name = Pods;
			sourceTree = "<group>";
		};
		805C70DA4F84918652D2E88F /* Frameworks */ = {
			isa = PBXGroup;
			children = (
				2B1D196965358B1E9DFE8888 /* Pods_DOCScreenV3.framework */,
				4D30EBD9A56976ACC7AE389E /* Pods_DOCScreenV3Tests.framework */,
				3ED2D80C78443B977A071F3F /* Pods_DOCScreenV3UITests.framework */,
			);
			name = Frameworks;
			sourceTree = "<group>";
		};
/* End PBXGroup section */

/* Begin PBXNativeTarget section */
		244892D51FAC8EA300139579 /* DOCScreenV3 */ = {
			isa = PBXNativeTarget;
			buildConfigurationList = 244893011FAC8EA300139579 /* Build configuration list for PBXNativeTarget "DOCScreenV3" */;
			buildPhases = (
				65944EE9E316A717D244F335 /* [CP] Check Pods Manifest.lock */,
				244892D21FAC8EA300139579 /* Sources */,
				244892D31FAC8EA300139579 /* Frameworks */,
				244892D41FAC8EA300139579 /* Resources */,
				6B3102E9B9102FEB672E1CBF /* [CP] Embed Pods Frameworks */,
				CF8C823663404C44D234F21D /* [CP] Copy Pods Resources */,
			);
			buildRules = (
			);
			dependencies = (
			);
			name = DOCScreenV3;
			productName = DOCScreenV3;
			productReference = 244892D61FAC8EA300139579 /* DOCScreenV3.app */;
			productType = "com.apple.product-type.application";
		};
		244892EC1FAC8EA300139579 /* DOCScreenV3Tests */ = {
			isa = PBXNativeTarget;
			buildConfigurationList = 244893041FAC8EA300139579 /* Build configuration list for PBXNativeTarget "DOCScreenV3Tests" */;
			buildPhases = (
				85E31AE98028A84AF5EB3BA6 /* [CP] Check Pods Manifest.lock */,
				244892E91FAC8EA300139579 /* Sources */,
				244892EA1FAC8EA300139579 /* Frameworks */,
				244892EB1FAC8EA300139579 /* Resources */,
				92DCDACF49FD7C97B95B956E /* [CP] Embed Pods Frameworks */,
				D6E3B86F90EE06F0F1469094 /* [CP] Copy Pods Resources */,
			);
			buildRules = (
			);
			dependencies = (
				244892EF1FAC8EA300139579 /* PBXTargetDependency */,
			);
			name = DOCScreenV3Tests;
			productName = DOCScreenV3Tests;
			productReference = 244892ED1FAC8EA300139579 /* DOCScreenV3Tests.xctest */;
			productType = "com.apple.product-type.bundle.unit-test";
		};
		244892F71FAC8EA300139579 /* DOCScreenV3UITests */ = {
			isa = PBXNativeTarget;
			buildConfigurationList = 244893071FAC8EA300139579 /* Build configuration list for PBXNativeTarget "DOCScreenV3UITests" */;
			buildPhases = (
				5780AAF83504C95BEB455C78 /* [CP] Check Pods Manifest.lock */,
				244892F41FAC8EA300139579 /* Sources */,
				244892F51FAC8EA300139579 /* Frameworks */,
				244892F61FAC8EA300139579 /* Resources */,
				6D20A4BD6AA2185031635EDA /* [CP] Embed Pods Frameworks */,
				B457680F89C6B159D0637783 /* [CP] Copy Pods Resources */,
			);
			buildRules = (
			);
			dependencies = (
				244892FA1FAC8EA300139579 /* PBXTargetDependency */,
			);
			name = DOCScreenV3UITests;
			productName = DOCScreenV3UITests;
			productReference = 244892F81FAC8EA300139579 /* DOCScreenV3UITests.xctest */;
			productType = "com.apple.product-type.bundle.ui-testing";
		};
/* End PBXNativeTarget section */

/* Begin PBXProject section */
		244892CE1FAC8EA300139579 /* Project object */ = {
			isa = PBXProject;
			attributes = {
				LastSwiftUpdateCheck = 0910;
				LastUpgradeCheck = 0910;
				ORGANIZATIONNAME = Nik;
				TargetAttributes = {
					244892D51FAC8EA300139579 = {
						CreatedOnToolsVersion = 9.1;
						ProvisioningStyle = Automatic;
					};
					244892EC1FAC8EA300139579 = {
						CreatedOnToolsVersion = 9.1;
						ProvisioningStyle = Automatic;
						TestTargetID = 244892D51FAC8EA300139579;
					};
					244892F71FAC8EA300139579 = {
						CreatedOnToolsVersion = 9.1;
						ProvisioningStyle = Automatic;
						TestTargetID = 244892D51FAC8EA300139579;
					};
				};
			};
			buildConfigurationList = 244892D11FAC8EA300139579 /* Build configuration list for PBXProject "DOCScreenV3" */;
			compatibilityVersion = "Xcode 8.0";
			developmentRegion = en;
			hasScannedForEncodings = 0;
			knownRegions = (
				en,
				Base,
			);
			mainGroup = 244892CD1FAC8EA300139579;
			productRefGroup = 244892D71FAC8EA300139579 /* Products */;
			projectDirPath = "";
			projectRoot = "";
			targets = (
				244892D51FAC8EA300139579 /* DOCScreenV3 */,
				244892EC1FAC8EA300139579 /* DOCScreenV3Tests */,
				244892F71FAC8EA300139579 /* DOCScreenV3UITests */,
			);
		};
/* End PBXProject section */

/* Begin PBXResourcesBuildPhase section */
		244892D41FAC8EA300139579 /* Resources */ = {
			isa = PBXResourcesBuildPhase;
			buildActionMask = 2147483647;
			files = (
				2448930B1FAC8EDB00139579 /* Main.storyboard in Resources */,
				244892E71FAC8EA300139579 /* LaunchScreen.storyboard in Resources */,
				244892E41FAC8EA300139579 /* Assets.xcassets in Resources */,
			);
			runOnlyForDeploymentPostprocessing = 0;
		};
		244892EB1FAC8EA300139579 /* Resources */ = {
			isa = PBXResourcesBuildPhase;
			buildActionMask = 2147483647;
			files = (
			);
			runOnlyForDeploymentPostprocessing = 0;
		};
		244892F61FAC8EA300139579 /* Resources */ = {
			isa = PBXResourcesBuildPhase;
			buildActionMask = 2147483647;
			files = (
			);
			runOnlyForDeploymentPostprocessing = 0;
		};
/* End PBXResourcesBuildPhase section */

/* Begin PBXShellScriptBuildPhase section */
		5780AAF83504C95BEB455C78 /* [CP] Check Pods Manifest.lock */ = {
			isa = PBXShellScriptBuildPhase;
			buildActionMask = 2147483647;
			files = (
			);
			inputPaths = (
				"${PODS_PODFILE_DIR_PATH}/Podfile.lock",
				"${PODS_ROOT}/Manifest.lock",
			);
			name = "[CP] Check Pods Manifest.lock";
			outputPaths = (
				"$(DERIVED_FILE_DIR)/Pods-DOCScreenV3UITests-checkManifestLockResult.txt",
			);
			runOnlyForDeploymentPostprocessing = 0;
			shellPath = /bin/sh;
			shellScript = "diff \"${PODS_PODFILE_DIR_PATH}/Podfile.lock\" \"${PODS_ROOT}/Manifest.lock\" > /dev/null\nif [ $? != 0 ] ; then\n    # print error to STDERR\n    echo \"error: The sandbox is not in sync with the Podfile.lock. Run 'pod install' or update your CocoaPods installation.\" >&2\n    exit 1\nfi\n# This output is used by Xcode 'outputs' to avoid re-running this script phase.\necho \"SUCCESS\" > \"${SCRIPT_OUTPUT_FILE_0}\"\n";
			showEnvVarsInLog = 0;
		};
		65944EE9E316A717D244F335 /* [CP] Check Pods Manifest.lock */ = {
			isa = PBXShellScriptBuildPhase;
			buildActionMask = 2147483647;
			files = (
			);
			inputPaths = (
				"${PODS_PODFILE_DIR_PATH}/Podfile.lock",
				"${PODS_ROOT}/Manifest.lock",
			);
			name = "[CP] Check Pods Manifest.lock";
			outputPaths = (
				"$(DERIVED_FILE_DIR)/Pods-DOCScreenV3-checkManifestLockResult.txt",
			);
			runOnlyForDeploymentPostprocessing = 0;
			shellPath = /bin/sh;
			shellScript = "diff \"${PODS_PODFILE_DIR_PATH}/Podfile.lock\" \"${PODS_ROOT}/Manifest.lock\" > /dev/null\nif [ $? != 0 ] ; then\n    # print error to STDERR\n    echo \"error: The sandbox is not in sync with the Podfile.lock. Run 'pod install' or update your CocoaPods installation.\" >&2\n    exit 1\nfi\n# This output is used by Xcode 'outputs' to avoid re-running this script phase.\necho \"SUCCESS\" > \"${SCRIPT_OUTPUT_FILE_0}\"\n";
			showEnvVarsInLog = 0;
		};
		6B3102E9B9102FEB672E1CBF /* [CP] Embed Pods Frameworks */ = {
			isa = PBXShellScriptBuildPhase;
			buildActionMask = 2147483647;
			files = (
			);
			inputPaths = (
				"${SRCROOT}/Pods/Target Support Files/Pods-DOCScreenV3/Pods-DOCScreenV3-frameworks.sh",
				"${BUILT_PRODUCTS_DIR}/ResearchKit/ResearchKit.framework",
			);
			name = "[CP] Embed Pods Frameworks";
			outputPaths = (
				"${TARGET_BUILD_DIR}/${FRAMEWORKS_FOLDER_PATH}/ResearchKit.framework",
			);
			runOnlyForDeploymentPostprocessing = 0;
			shellPath = /bin/sh;
			shellScript = "\"${SRCROOT}/Pods/Target Support Files/Pods-DOCScreenV3/Pods-DOCScreenV3-frameworks.sh\"\n";
			showEnvVarsInLog = 0;
		};
		6D20A4BD6AA2185031635EDA /* [CP] Embed Pods Frameworks */ = {
			isa = PBXShellScriptBuildPhase;
			buildActionMask = 2147483647;
			files = (
			);
			inputPaths = (
			);
			name = "[CP] Embed Pods Frameworks";
			outputPaths = (
			);
			runOnlyForDeploymentPostprocessing = 0;
			shellPath = /bin/sh;
			shellScript = "\"${SRCROOT}/Pods/Target Support Files/Pods-DOCScreenV3UITests/Pods-DOCScreenV3UITests-frameworks.sh\"\n";
			showEnvVarsInLog = 0;
		};
		85E31AE98028A84AF5EB3BA6 /* [CP] Check Pods Manifest.lock */ = {
			isa = PBXShellScriptBuildPhase;
			buildActionMask = 2147483647;
			files = (
			);
			inputPaths = (
				"${PODS_PODFILE_DIR_PATH}/Podfile.lock",
				"${PODS_ROOT}/Manifest.lock",
			);
			name = "[CP] Check Pods Manifest.lock";
			outputPaths = (
				"$(DERIVED_FILE_DIR)/Pods-DOCScreenV3Tests-checkManifestLockResult.txt",
			);
			runOnlyForDeploymentPostprocessing = 0;
			shellPath = /bin/sh;
			shellScript = "diff \"${PODS_PODFILE_DIR_PATH}/Podfile.lock\" \"${PODS_ROOT}/Manifest.lock\" > /dev/null\nif [ $? != 0 ] ; then\n    # print error to STDERR\n    echo \"error: The sandbox is not in sync with the Podfile.lock. Run 'pod install' or update your CocoaPods installation.\" >&2\n    exit 1\nfi\n# This output is used by Xcode 'outputs' to avoid re-running this script phase.\necho \"SUCCESS\" > \"${SCRIPT_OUTPUT_FILE_0}\"\n";
			showEnvVarsInLog = 0;
		};
		92DCDACF49FD7C97B95B956E /* [CP] Embed Pods Frameworks */ = {
			isa = PBXShellScriptBuildPhase;
			buildActionMask = 2147483647;
			files = (
			);
			inputPaths = (
			);
			name = "[CP] Embed Pods Frameworks";
			outputPaths = (
			);
			runOnlyForDeploymentPostprocessing = 0;
			shellPath = /bin/sh;
			shellScript = "\"${SRCROOT}/Pods/Target Support Files/Pods-DOCScreenV3Tests/Pods-DOCScreenV3Tests-frameworks.sh\"\n";
			showEnvVarsInLog = 0;
		};
		B457680F89C6B159D0637783 /* [CP] Copy Pods Resources */ = {
			isa = PBXShellScriptBuildPhase;
			buildActionMask = 2147483647;
			files = (
			);
			inputPaths = (
			);
			name = "[CP] Copy Pods Resources";
			outputPaths = (
			);
			runOnlyForDeploymentPostprocessing = 0;
			shellPath = /bin/sh;
			shellScript = "\"${SRCROOT}/Pods/Target Support Files/Pods-DOCScreenV3UITests/Pods-DOCScreenV3UITests-resources.sh\"\n";
			showEnvVarsInLog = 0;
		};
		CF8C823663404C44D234F21D /* [CP] Copy Pods Resources */ = {
			isa = PBXShellScriptBuildPhase;
			buildActionMask = 2147483647;
			files = (
			);
			inputPaths = (
			);
			name = "[CP] Copy Pods Resources";
			outputPaths = (
			);
			runOnlyForDeploymentPostprocessing = 0;
			shellPath = /bin/sh;
			shellScript = "\"${SRCROOT}/Pods/Target Support Files/Pods-DOCScreenV3/Pods-DOCScreenV3-resources.sh\"\n";
			showEnvVarsInLog = 0;
		};
		D6E3B86F90EE06F0F1469094 /* [CP] Copy Pods Resources */ = {
			isa = PBXShellScriptBuildPhase;
			buildActionMask = 2147483647;
			files = (
			);
			inputPaths = (
			);
			name = "[CP] Copy Pods Resources";
			outputPaths = (
			);
			runOnlyForDeploymentPostprocessing = 0;
			shellPath = /bin/sh;
			shellScript = "\"${SRCROOT}/Pods/Target Support Files/Pods-DOCScreenV3Tests/Pods-DOCScreenV3Tests-resources.sh\"\n";
			showEnvVarsInLog = 0;
		};
/* End PBXShellScriptBuildPhase section */

/* Begin PBXSourcesBuildPhase section */
		244892D21FAC8EA300139579 /* Sources */ = {
			isa = PBXSourcesBuildPhase;
			buildActionMask = 2147483647;
			files = (
				244893151FAC8F4200139579 /* DocTabViewController.swift in Sources */,
				244893351FAC901600139579 /* ClockTask.swift in Sources */,
				244893281FAC8FFB00139579 /* TaskTableViewCell.swift in Sources */,
				241C62E21FACA246004F42F5 /* ClockData1+CoreDataProperties.swift in Sources */,
				244892E21FAC8EA300139579 /* DOCScreenV3.xcdatamodeld in Sources */,
				241C62E11FACA246004F42F5 /* ClockData1+CoreDataClass.swift in Sources */,
				244893201FAC8FB400139579 /* Utility.swift in Sources */,
				244893261FAC8FE800139579 /* PageViewController.swift in Sources */,
				244893121FAC8F1D00139579 /* Colors.swift in Sources */,
				241C62B41FAC97CC004F42F5 /* PersistenceService.swift in Sources */,
				244893361FAC901600139579 /* MemoryRegistration.swift in Sources */,
				2448931F1FAC8FB400139579 /* DataStorage.swift in Sources */,
				244893321FAC901600139579 /* AbstractionTask.swift in Sources */,
				244893251FAC8FE800139579 /* TaskTableViewController.swift in Sources */,
				244893371FAC901600139579 /* MemoryTask.swift in Sources */,
				244893171FAC8F5500139579 /* DOCEntry.swift in Sources */,
				241C62E41FACA246004F42F5 /* Subject+CoreDataProperties.swift in Sources */,
				244893211FAC8FB400139579 /* MobileNet.mlmodel in Sources */,
				244893331FAC901600139579 /* MoodTask.swift in Sources */,
				241C62E31FACA246004F42F5 /* Subject+CoreDataClass.swift in Sources */,
				2448931A1FAC8F7C00139579 /* LandViewController.swift in Sources */,
				244892DC1FAC8EA300139579 /* ViewController.swift in Sources */,
				244893341FAC901600139579 /* SleepTask.swift in Sources */,
				244893311FAC901600139579 /* ProfileTask.swift in Sources */,
				244892DA1FAC8EA300139579 /* AppDelegate.swift in Sources */,
			);
			runOnlyForDeploymentPostprocessing = 0;
		};
		244892E91FAC8EA300139579 /* Sources */ = {
			isa = PBXSourcesBuildPhase;
			buildActionMask = 2147483647;
			files = (
				244892F21FAC8EA300139579 /* DOCScreenV3Tests.swift in Sources */,
			);
			runOnlyForDeploymentPostprocessing = 0;
		};
		244892F41FAC8EA300139579 /* Sources */ = {
			isa = PBXSourcesBuildPhase;
			buildActionMask = 2147483647;
			files = (
				244892FD1FAC8EA300139579 /* DOCScreenV3UITests.swift in Sources */,
			);
			runOnlyForDeploymentPostprocessing = 0;
		};
/* End PBXSourcesBuildPhase section */

/* Begin PBXTargetDependency section */
		244892EF1FAC8EA300139579 /* PBXTargetDependency */ = {
			isa = PBXTargetDependency;
			target = 244892D51FAC8EA300139579 /* DOCScreenV3 */;
			targetProxy = 244892EE1FAC8EA300139579 /* PBXContainerItemProxy */;
		};
		244892FA1FAC8EA300139579 /* PBXTargetDependency */ = {
			isa = PBXTargetDependency;
			target = 244892D51FAC8EA300139579 /* DOCScreenV3 */;
			targetProxy = 244892F91FAC8EA300139579 /* PBXContainerItemProxy */;
		};
/* End PBXTargetDependency section */

/* Begin PBXVariantGroup section */
		244892E51FAC8EA300139579 /* LaunchScreen.storyboard */ = {
			isa = PBXVariantGroup;
			children = (
				244892E61FAC8EA300139579 /* Base */,
			);
			name = LaunchScreen.storyboard;
			sourceTree = "<group>";
		};
/* End PBXVariantGroup section */

/* Begin XCBuildConfiguration section */
		244892FF1FAC8EA300139579 /* Debug */ = {
			isa = XCBuildConfiguration;
			buildSettings = {
				ALWAYS_SEARCH_USER_PATHS = NO;
				CLANG_ANALYZER_NONNULL = YES;
				CLANG_ANALYZER_NUMBER_OBJECT_CONVERSION = YES_AGGRESSIVE;
				CLANG_CXX_LANGUAGE_STANDARD = "gnu++14";
				CLANG_CXX_LIBRARY = "libc++";
				CLANG_ENABLE_MODULES = YES;
				CLANG_ENABLE_OBJC_ARC = YES;
				CLANG_WARN_BLOCK_CAPTURE_AUTORELEASING = YES;
				CLANG_WARN_BOOL_CONVERSION = YES;
				CLANG_WARN_COMMA = YES;
				CLANG_WARN_CONSTANT_CONVERSION = YES;
				CLANG_WARN_DIRECT_OBJC_ISA_USAGE = YES_ERROR;
				CLANG_WARN_DOCUMENTATION_COMMENTS = YES;
				CLANG_WARN_EMPTY_BODY = YES;
				CLANG_WARN_ENUM_CONVERSION = YES;
				CLANG_WARN_INFINITE_RECURSION = YES;
				CLANG_WARN_INT_CONVERSION = YES;
				CLANG_WARN_NON_LITERAL_NULL_CONVERSION = YES;
				CLANG_WARN_OBJC_LITERAL_CONVERSION = YES;
				CLANG_WARN_OBJC_ROOT_CLASS = YES_ERROR;
				CLANG_WARN_RANGE_LOOP_ANALYSIS = YES;
				CLANG_WARN_STRICT_PROTOTYPES = YES;
				CLANG_WARN_SUSPICIOUS_MOVE = YES;
				CLANG_WARN_UNGUARDED_AVAILABILITY = YES_AGGRESSIVE;
				CLANG_WARN_UNREACHABLE_CODE = YES;
				CLANG_WARN__DUPLICATE_METHOD_MATCH = YES;
				CODE_SIGN_IDENTITY = "iPhone Developer";
				COPY_PHASE_STRIP = NO;
				DEBUG_INFORMATION_FORMAT = dwarf;
				ENABLE_STRICT_OBJC_MSGSEND = YES;
				ENABLE_TESTABILITY = YES;
				GCC_C_LANGUAGE_STANDARD = gnu11;
				GCC_DYNAMIC_NO_PIC = NO;
				GCC_NO_COMMON_BLOCKS = YES;
				GCC_OPTIMIZATION_LEVEL = 0;
				GCC_PREPROCESSOR_DEFINITIONS = (
					"DEBUG=1",
					"$(inherited)",
				);
				GCC_WARN_64_TO_32_BIT_CONVERSION = YES;
				GCC_WARN_ABOUT_RETURN_TYPE = YES_ERROR;
				GCC_WARN_UNDECLARED_SELECTOR = YES;
				GCC_WARN_UNINITIALIZED_AUTOS = YES_AGGRESSIVE;
				GCC_WARN_UNUSED_FUNCTION = YES;
				GCC_WARN_UNUSED_VARIABLE = YES;
				IPHONEOS_DEPLOYMENT_TARGET = 11.1;
				MTL_ENABLE_DEBUG_INFO = YES;
				ONLY_ACTIVE_ARCH = YES;
				SDKROOT = iphoneos;
				SWIFT_ACTIVE_COMPILATION_CONDITIONS = DEBUG;
				SWIFT_OPTIMIZATION_LEVEL = "-Onone";
			};
			name = Debug;
		};
		244893001FAC8EA300139579 /* Release */ = {
			isa = XCBuildConfiguration;
			buildSettings = {
				ALWAYS_SEARCH_USER_PATHS = NO;
				CLANG_ANALYZER_NONNULL = YES;
				CLANG_ANALYZER_NUMBER_OBJECT_CONVERSION = YES_AGGRESSIVE;
				CLANG_CXX_LANGUAGE_STANDARD = "gnu++14";
				CLANG_CXX_LIBRARY = "libc++";
				CLANG_ENABLE_MODULES = YES;
				CLANG_ENABLE_OBJC_ARC = YES;
				CLANG_WARN_BLOCK_CAPTURE_AUTORELEASING = YES;
				CLANG_WARN_BOOL_CONVERSION = YES;
				CLANG_WARN_COMMA = YES;
				CLANG_WARN_CONSTANT_CONVERSION = YES;
				CLANG_WARN_DIRECT_OBJC_ISA_USAGE = YES_ERROR;
				CLANG_WARN_DOCUMENTATION_COMMENTS = YES;
				CLANG_WARN_EMPTY_BODY = YES;
				CLANG_WARN_ENUM_CONVERSION = YES;
				CLANG_WARN_INFINITE_RECURSION = YES;
				CLANG_WARN_INT_CONVERSION = YES;
				CLANG_WARN_NON_LITERAL_NULL_CONVERSION = YES;
				CLANG_WARN_OBJC_LITERAL_CONVERSION = YES;
				CLANG_WARN_OBJC_ROOT_CLASS = YES_ERROR;
				CLANG_WARN_RANGE_LOOP_ANALYSIS = YES;
				CLANG_WARN_STRICT_PROTOTYPES = YES;
				CLANG_WARN_SUSPICIOUS_MOVE = YES;
				CLANG_WARN_UNGUARDED_AVAILABILITY = YES_AGGRESSIVE;
				CLANG_WARN_UNREACHABLE_CODE = YES;
				CLANG_WARN__DUPLICATE_METHOD_MATCH = YES;
				CODE_SIGN_IDENTITY = "iPhone Developer";
				COPY_PHASE_STRIP = NO;
				DEBUG_INFORMATION_FORMAT = "dwarf-with-dsym";
				ENABLE_NS_ASSERTIONS = NO;
				ENABLE_STRICT_OBJC_MSGSEND = YES;
				GCC_C_LANGUAGE_STANDARD = gnu11;
				GCC_NO_COMMON_BLOCKS = YES;
				GCC_WARN_64_TO_32_BIT_CONVERSION = YES;
				GCC_WARN_ABOUT_RETURN_TYPE = YES_ERROR;
				GCC_WARN_UNDECLARED_SELECTOR = YES;
				GCC_WARN_UNINITIALIZED_AUTOS = YES_AGGRESSIVE;
				GCC_WARN_UNUSED_FUNCTION = YES;
				GCC_WARN_UNUSED_VARIABLE = YES;
				IPHONEOS_DEPLOYMENT_TARGET = 11.1;
				MTL_ENABLE_DEBUG_INFO = NO;
				SDKROOT = iphoneos;
				SWIFT_OPTIMIZATION_LEVEL = "-Owholemodule";
				VALIDATE_PRODUCT = YES;
			};
			name = Release;
		};
		244893021FAC8EA300139579 /* Debug */ = {
			isa = XCBuildConfiguration;
			baseConfigurationReference = 2A68D2621CBFA113356887B5 /* Pods-DOCScreenV3.debug.xcconfig */;
			buildSettings = {
				ASSETCATALOG_COMPILER_APPICON_NAME = AppIcon;
				CODE_SIGN_STYLE = Automatic;
				DEVELOPMENT_TEAM = 25W8SY99Z3;
				INFOPLIST_FILE = DOCScreenV3/Info.plist;
				LD_RUNPATH_SEARCH_PATHS = "$(inherited) @executable_path/Frameworks";
				PRODUCT_BUNDLE_IDENTIFIER = PHRI.DOCScreenV3;
				PRODUCT_NAME = "$(TARGET_NAME)";
				SWIFT_VERSION = 4.0;
				TARGETED_DEVICE_FAMILY = "1,2";
			};
			name = Debug;
		};
		244893031FAC8EA300139579 /* Release */ = {
			isa = XCBuildConfiguration;
			baseConfigurationReference = F3B5623EE04EE91DF55C7B24 /* Pods-DOCScreenV3.release.xcconfig */;
			buildSettings = {
				ASSETCATALOG_COMPILER_APPICON_NAME = AppIcon;
				CODE_SIGN_STYLE = Automatic;
				DEVELOPMENT_TEAM = 25W8SY99Z3;
				INFOPLIST_FILE = DOCScreenV3/Info.plist;
				LD_RUNPATH_SEARCH_PATHS = "$(inherited) @executable_path/Frameworks";
				PRODUCT_BUNDLE_IDENTIFIER = PHRI.DOCScreenV3;
				PRODUCT_NAME = "$(TARGET_NAME)";
				SWIFT_VERSION = 4.0;
				TARGETED_DEVICE_FAMILY = "1,2";
			};
			name = Release;
		};
		244893051FAC8EA300139579 /* Debug */ = {
			isa = XCBuildConfiguration;
			baseConfigurationReference = 70F11B1A24C339FDFE03B1C2 /* Pods-DOCScreenV3Tests.debug.xcconfig */;
			buildSettings = {
				ALWAYS_EMBED_SWIFT_STANDARD_LIBRARIES = YES;
				BUNDLE_LOADER = "$(TEST_HOST)";
				CODE_SIGN_STYLE = Automatic;
				DEVELOPMENT_TEAM = 25W8SY99Z3;
				INFOPLIST_FILE = DOCScreenV3Tests/Info.plist;
				LD_RUNPATH_SEARCH_PATHS = "$(inherited) @executable_path/Frameworks @loader_path/Frameworks";
				PRODUCT_BUNDLE_IDENTIFIER = PHRI.DOCScreenV3Tests;
				PRODUCT_NAME = "$(TARGET_NAME)";
				SWIFT_VERSION = 4.0;
				TARGETED_DEVICE_FAMILY = "1,2";
				TEST_HOST = "$(BUILT_PRODUCTS_DIR)/DOCScreenV3.app/DOCScreenV3";
			};
			name = Debug;
		};
		244893061FAC8EA300139579 /* Release */ = {
			isa = XCBuildConfiguration;
			baseConfigurationReference = 4D664A4E17F3974B0B161BA3 /* Pods-DOCScreenV3Tests.release.xcconfig */;
			buildSettings = {
				ALWAYS_EMBED_SWIFT_STANDARD_LIBRARIES = YES;
				BUNDLE_LOADER = "$(TEST_HOST)";
				CODE_SIGN_STYLE = Automatic;
				DEVELOPMENT_TEAM = 25W8SY99Z3;
				INFOPLIST_FILE = DOCScreenV3Tests/Info.plist;
				LD_RUNPATH_SEARCH_PATHS = "$(inherited) @executable_path/Frameworks @loader_path/Frameworks";
				PRODUCT_BUNDLE_IDENTIFIER = PHRI.DOCScreenV3Tests;
				PRODUCT_NAME = "$(TARGET_NAME)";
				SWIFT_VERSION = 4.0;
				TARGETED_DEVICE_FAMILY = "1,2";
				TEST_HOST = "$(BUILT_PRODUCTS_DIR)/DOCScreenV3.app/DOCScreenV3";
			};
			name = Release;
		};
		244893081FAC8EA300139579 /* Debug */ = {
			isa = XCBuildConfiguration;
			baseConfigurationReference = 7DECDEBEE18B56AEDF2089C7 /* Pods-DOCScreenV3UITests.debug.xcconfig */;
			buildSettings = {
				ALWAYS_EMBED_SWIFT_STANDARD_LIBRARIES = YES;
				CODE_SIGN_STYLE = Automatic;
				DEVELOPMENT_TEAM = 25W8SY99Z3;
				INFOPLIST_FILE = DOCScreenV3UITests/Info.plist;
				LD_RUNPATH_SEARCH_PATHS = "$(inherited) @executable_path/Frameworks @loader_path/Frameworks";
				PRODUCT_BUNDLE_IDENTIFIER = PHRI.DOCScreenV3UITests;
				PRODUCT_NAME = "$(TARGET_NAME)";
				SWIFT_VERSION = 4.0;
				TARGETED_DEVICE_FAMILY = "1,2";
				TEST_TARGET_NAME = DOCScreenV3;
			};
			name = Debug;
		};
		244893091FAC8EA300139579 /* Release */ = {
			isa = XCBuildConfiguration;
			baseConfigurationReference = AF950ED4DCBE13CEB039E02E /* Pods-DOCScreenV3UITests.release.xcconfig */;
			buildSettings = {
				ALWAYS_EMBED_SWIFT_STANDARD_LIBRARIES = YES;
				CODE_SIGN_STYLE = Automatic;
				DEVELOPMENT_TEAM = 25W8SY99Z3;
				INFOPLIST_FILE = DOCScreenV3UITests/Info.plist;
				LD_RUNPATH_SEARCH_PATHS = "$(inherited) @executable_path/Frameworks @loader_path/Frameworks";
				PRODUCT_BUNDLE_IDENTIFIER = PHRI.DOCScreenV3UITests;
				PRODUCT_NAME = "$(TARGET_NAME)";
				SWIFT_VERSION = 4.0;
				TARGETED_DEVICE_FAMILY = "1,2";
				TEST_TARGET_NAME = DOCScreenV3;
			};
			name = Release;
		};
/* End XCBuildConfiguration section */

/* Begin XCConfigurationList section */
		244892D11FAC8EA300139579 /* Build configuration list for PBXProject "DOCScreenV3" */ = {
			isa = XCConfigurationList;
			buildConfigurations = (
				244892FF1FAC8EA300139579 /* Debug */,
				244893001FAC8EA300139579 /* Release */,
			);
			defaultConfigurationIsVisible = 0;
			defaultConfigurationName = Release;
		};
		244893011FAC8EA300139579 /* Build configuration list for PBXNativeTarget "DOCScreenV3" */ = {
			isa = XCConfigurationList;
			buildConfigurations = (
				244893021FAC8EA300139579 /* Debug */,
				244893031FAC8EA300139579 /* Release */,
			);
			defaultConfigurationIsVisible = 0;
			defaultConfigurationName = Release;
		};
		244893041FAC8EA300139579 /* Build configuration list for PBXNativeTarget "DOCScreenV3Tests" */ = {
			isa = XCConfigurationList;
			buildConfigurations = (
				244893051FAC8EA300139579 /* Debug */,
				244893061FAC8EA300139579 /* Release */,
			);
			defaultConfigurationIsVisible = 0;
			defaultConfigurationName = Release;
		};
		244893071FAC8EA300139579 /* Build configuration list for PBXNativeTarget "DOCScreenV3UITests" */ = {
			isa = XCConfigurationList;
			buildConfigurations = (
				244893081FAC8EA300139579 /* Debug */,
				244893091FAC8EA300139579 /* Release */,
			);
			defaultConfigurationIsVisible = 0;
			defaultConfigurationName = Release;
		};
/* End XCConfigurationList section */

/* Begin XCVersionGroup section */
		244892E01FAC8EA300139579 /* DOCScreenV3.xcdatamodeld */ = {
			isa = XCVersionGroup;
			children = (
				244892E11FAC8EA300139579 /* DOCScreenV3.xcdatamodel */,
			);
			currentVersion = 244892E11FAC8EA300139579 /* DOCScreenV3.xcdatamodel */;
			path = DOCScreenV3.xcdatamodeld;
			sourceTree = "<group>";
			versionGroupType = wrapper.xcdatamodel;
		};
/* End XCVersionGroup section */
	};
	rootObject = 244892CE1FAC8EA300139579 /* Project object */;
}
